{
  "version": 4,
  "terraform_version": "1.10.5",
  "serial": 6,
  "lineage": "2446f633-0694-249c-356a-a7c40b9be479",
  "outputs": {},
  "resources": [
    {
      "mode": "managed",
      "type": "vercel_project",
      "name": "frontend",
      "provider": "provider[\"registry.terraform.io/vercel/vercel\"]",
      "instances": [
        {
          "schema_version": 0,
          "attributes": {
            "build_command": null,
            "dev_command": null,
            "environment": null,
            "framework": "nextjs",
            "git_repository": {
              "production_branch": "main",
              "repo": "b3at1/better-boarding",
              "type": "github"
            },
            "id": "prj_avYhrT5KmccWDzYiyc48HFrzbucL",
            "ignore_command": null,
            "install_command": null,
            "name": "better-boarding-frontend",
            "output_directory": null,
            "password_protection": null,
            "protection_bypass_for_automation": null,
            "protection_bypass_for_automation_secret": null,
            "public_source": null,
            "root_directory": null,
            "serverless_function_region": null,
            "team_id": null,
            "vercel_authentication": {
              "protect_production": false
            }
          },
          "sensitive_attributes": []
        }
      ]
    }
  ],
  "check_results": null
}
